
Microsoft Visual Studio Solution File, Format Version 12.00
# Visual Studio Version 17
VisualStudioVersion = 17.3.32825.248
MinimumVisualStudioVersion = 10.0.40219.1
Project("{9A19103F-16F7-4668-BE54-9A1E7A4F7556}") = "CLC350", "RegisterAndLoginApp\CLC350.csproj", "{6CD167EB-1E3A-4F67-9F96-99569C4604BE}"
EndProject
Global
	GlobalSection(SolutionConfigurationPlatforms) = preSolution
		Debug|Any CPU = Debug|Any CPU
		Release|Any CPU = Release|Any CPU
	EndGlobalSection
	GlobalSection(ProjectConfigurationPlatforms) = postSolution
		{6CD167EB-1E3A-4F67-9F96-99569C4604BE}.Debug|Any CPU.ActiveCfg = Debug|Any CPU
		{6CD167EB-1E3A-4F67-9F96-99569C4604BE}.Debug|Any CPU.Build.0 = Debug|Any CPU
		{6CD167EB-1E3A-4F67-9F96-99569C4604BE}.Release|Any CPU.ActiveCfg = Release|Any CPU
		{6CD167EB-1E3A-4F67-9F96-99569C4604BE}.Release|Any CPU.Build.0 = Release|Any CPU
	EndGlobalSection
	GlobalSection(SolutionProperties) = preSolution
		HideSolutionNode = FALSE
	EndGlobalSection
	GlobalSection(ExtensibilityGlobals) = postSolution
		SolutionGuid = {604D8E7F-B203-4DEE-9078-C3F8466C89E3}
	EndGlobalSection
EndGlobal
